
Microsoft Visual Studio Solution File, Format Version 12.00
# Visual Studio Version 17
VisualStudioVersion = 17.11.35327.3
MinimumVisualStudioVersion = 10.0.40219.1
Project("{FAE04EC0-301F-11D3-BF4B-00C04F79EFBC}") = "Lab2_TT_8", "Lab2_TT_8\Lab2_TT_8.csproj", "{D9D48E3A-8B38-4BE4-A678-E6263285145B}"
EndProject
Global
	GlobalSection(SolutionConfigurationPlatforms) = preSolution
		Debug|Any CPU = Debug|Any CPU
		Release|Any CPU = Release|Any CPU
	EndGlobalSection
	GlobalSection(ProjectConfigurationPlatforms) = postSolution
		{D9D48E3A-8B38-4BE4-A678-E6263285145B}.Debug|Any CPU.ActiveCfg = Debug|Any CPU
		{D9D48E3A-8B38-4BE4-A678-E6263285145B}.Debug|Any CPU.Build.0 = Debug|Any CPU
		{D9D48E3A-8B38-4BE4-A678-E6263285145B}.Release|Any CPU.ActiveCfg = Release|Any CPU
		{D9D48E3A-8B38-4BE4-A678-E6263285145B}.Release|Any CPU.Build.0 = Release|Any CPU
	EndGlobalSection
	GlobalSection(SolutionProperties) = preSolution
		HideSolutionNode = FALSE
	EndGlobalSection
	GlobalSection(ExtensibilityGlobals) = postSolution
		SolutionGuid = {9C6B5F4B-6B77-4AAE-9431-E733323AA495}
	EndGlobalSection
EndGlobal
