
Microsoft Visual Studio Solution File, Format Version 12.00
# Visual Studio Version 17
VisualStudioVersion = 17.11.35327.3
MinimumVisualStudioVersion = 10.0.40219.1
Project("{FAE04EC0-301F-11D3-BF4B-00C04F79EFBC}") = "Lab2_TT_3", "Lab2_TT_3\Lab2_TT_3.csproj", "{3527837C-6C28-4532-A9F7-BC96215BD56B}"
EndProject
Global
	GlobalSection(SolutionConfigurationPlatforms) = preSolution
		Debug|Any CPU = Debug|Any CPU
		Release|Any CPU = Release|Any CPU
	EndGlobalSection
	GlobalSection(ProjectConfigurationPlatforms) = postSolution
		{3527837C-6C28-4532-A9F7-BC96215BD56B}.Debug|Any CPU.ActiveCfg = Debug|Any CPU
		{3527837C-6C28-4532-A9F7-BC96215BD56B}.Debug|Any CPU.Build.0 = Debug|Any CPU
		{3527837C-6C28-4532-A9F7-BC96215BD56B}.Release|Any CPU.ActiveCfg = Release|Any CPU
		{3527837C-6C28-4532-A9F7-BC96215BD56B}.Release|Any CPU.Build.0 = Release|Any CPU
	EndGlobalSection
	GlobalSection(SolutionProperties) = preSolution
		HideSolutionNode = FALSE
	EndGlobalSection
	GlobalSection(ExtensibilityGlobals) = postSolution
		SolutionGuid = {D0CF18F3-9881-479F-A482-C3CFFC1B2A77}
	EndGlobalSection
EndGlobal
