
Microsoft Visual Studio Solution File, Format Version 12.00
# Visual Studio Version 17
VisualStudioVersion = 17.11.35327.3
MinimumVisualStudioVersion = 10.0.40219.1
Project("{FAE04EC0-301F-11D3-BF4B-00C04F79EFBC}") = "Lab03_HD_01", "Lab03_HD_01\Lab03_HD_01.csproj", "{78C783CF-BAC5-4BDE-AD6A-F6648B72903E}"
EndProject
Global
	GlobalSection(SolutionConfigurationPlatforms) = preSolution
		Debug|Any CPU = Debug|Any CPU
		Release|Any CPU = Release|Any CPU
	EndGlobalSection
	GlobalSection(ProjectConfigurationPlatforms) = postSolution
		{78C783CF-BAC5-4BDE-AD6A-F6648B72903E}.Debug|Any CPU.ActiveCfg = Debug|Any CPU
		{78C783CF-BAC5-4BDE-AD6A-F6648B72903E}.Debug|Any CPU.Build.0 = Debug|Any CPU
		{78C783CF-BAC5-4BDE-AD6A-F6648B72903E}.Release|Any CPU.ActiveCfg = Release|Any CPU
		{78C783CF-BAC5-4BDE-AD6A-F6648B72903E}.Release|Any CPU.Build.0 = Release|Any CPU
	EndGlobalSection
	GlobalSection(SolutionProperties) = preSolution
		HideSolutionNode = FALSE
	EndGlobalSection
	GlobalSection(ExtensibilityGlobals) = postSolution
		SolutionGuid = {CC78D20C-AB9D-462D-BAE0-775A21E83D68}
	EndGlobalSection
EndGlobal
