
Microsoft Visual Studio Solution File, Format Version 12.00
# Visual Studio Version 17
VisualStudioVersion = 17.11.35327.3
MinimumVisualStudioVersion = 10.0.40219.1
Project("{FAE04EC0-301F-11D3-BF4B-00C04F79EFBC}") = "Lab05_Guide_4", "Lab05_Guide_4\Lab05_Guide_4.csproj", "{A276722A-C6A3-4EAC-8DCD-9D5FAB706177}"
EndProject
Global
	GlobalSection(SolutionConfigurationPlatforms) = preSolution
		Debug|Any CPU = Debug|Any CPU
		Release|Any CPU = Release|Any CPU
	EndGlobalSection
	GlobalSection(ProjectConfigurationPlatforms) = postSolution
		{A276722A-C6A3-4EAC-8DCD-9D5FAB706177}.Debug|Any CPU.ActiveCfg = Debug|Any CPU
		{A276722A-C6A3-4EAC-8DCD-9D5FAB706177}.Debug|Any CPU.Build.0 = Debug|Any CPU
		{A276722A-C6A3-4EAC-8DCD-9D5FAB706177}.Release|Any CPU.ActiveCfg = Release|Any CPU
		{A276722A-C6A3-4EAC-8DCD-9D5FAB706177}.Release|Any CPU.Build.0 = Release|Any CPU
	EndGlobalSection
	GlobalSection(SolutionProperties) = preSolution
		HideSolutionNode = FALSE
	EndGlobalSection
	GlobalSection(ExtensibilityGlobals) = postSolution
		SolutionGuid = {398765A8-C07F-44C9-9369-CB68FF0551C5}
	EndGlobalSection
EndGlobal
