
Microsoft Visual Studio Solution File, Format Version 12.00
# Visual Studio Version 17
VisualStudioVersion = 17.11.35327.3
MinimumVisualStudioVersion = 10.0.40219.1
Project("{FAE04EC0-301F-11D3-BF4B-00C04F79EFBC}") = "Lab2_TT_1", "Lab2_TT_1\Lab2_TT_1.csproj", "{6FE25F2C-B84E-4B4A-A3E8-E48D9E225C6F}"
EndProject
Global
	GlobalSection(SolutionConfigurationPlatforms) = preSolution
		Debug|Any CPU = Debug|Any CPU
		Release|Any CPU = Release|Any CPU
	EndGlobalSection
	GlobalSection(ProjectConfigurationPlatforms) = postSolution
		{6FE25F2C-B84E-4B4A-A3E8-E48D9E225C6F}.Debug|Any CPU.ActiveCfg = Debug|Any CPU
		{6FE25F2C-B84E-4B4A-A3E8-E48D9E225C6F}.Debug|Any CPU.Build.0 = Debug|Any CPU
		{6FE25F2C-B84E-4B4A-A3E8-E48D9E225C6F}.Release|Any CPU.ActiveCfg = Release|Any CPU
		{6FE25F2C-B84E-4B4A-A3E8-E48D9E225C6F}.Release|Any CPU.Build.0 = Release|Any CPU
	EndGlobalSection
	GlobalSection(SolutionProperties) = preSolution
		HideSolutionNode = FALSE
	EndGlobalSection
	GlobalSection(ExtensibilityGlobals) = postSolution
		SolutionGuid = {6C38018E-D097-49AE-97F7-FAD64C0CA05A}
	EndGlobalSection
EndGlobal
