
Microsoft Visual Studio Solution File, Format Version 12.00
# Visual Studio Version 17
VisualStudioVersion = 17.11.35327.3
MinimumVisualStudioVersion = 10.0.40219.1
Project("{FAE04EC0-301F-11D3-BF4B-00C04F79EFBC}") = "Lab2.4", "Lab2.4\Lab2.4.csproj", "{26F1571F-FA39-4FF2-9DEA-D68CBAF770A6}"
EndProject
Global
	GlobalSection(SolutionConfigurationPlatforms) = preSolution
		Debug|Any CPU = Debug|Any CPU
		Release|Any CPU = Release|Any CPU
	EndGlobalSection
	GlobalSection(ProjectConfigurationPlatforms) = postSolution
		{26F1571F-FA39-4FF2-9DEA-D68CBAF770A6}.Debug|Any CPU.ActiveCfg = Debug|Any CPU
		{26F1571F-FA39-4FF2-9DEA-D68CBAF770A6}.Debug|Any CPU.Build.0 = Debug|Any CPU
		{26F1571F-FA39-4FF2-9DEA-D68CBAF770A6}.Release|Any CPU.ActiveCfg = Release|Any CPU
		{26F1571F-FA39-4FF2-9DEA-D68CBAF770A6}.Release|Any CPU.Build.0 = Release|Any CPU
	EndGlobalSection
	GlobalSection(SolutionProperties) = preSolution
		HideSolutionNode = FALSE
	EndGlobalSection
	GlobalSection(ExtensibilityGlobals) = postSolution
		SolutionGuid = {F81592A1-C03B-4725-ADE9-D5AF5AD86400}
	EndGlobalSection
EndGlobal
